// !$*UTF8*$!
{
	archiveVersion = 1;
	classes = {
	};
	objectVersion = 56;
	objects = {

/* Begin PBXBuildFile section */
		4528375A295D92AA00ADCD9B /* AppDelegate.swift in Sources */ = {isa = PBXBuildFile; fileRef = 45283759295D92AA00ADCD9B /* AppDelegate.swift */; };
		4528375C295D92AA00ADCD9B /* SceneDelegate.swift in Sources */ = {isa = PBXBuildFile; fileRef = 4528375B295D92AA00ADCD9B /* SceneDelegate.swift */; };
		4528375E295D92AA00ADCD9B /* ViewController.swift in Sources */ = {isa = PBXBuildFile; fileRef = 4528375D295D92AA00ADCD9B /* ViewController.swift */; };
		45283761295D92AA00ADCD9B /* Main.storyboard in Resources */ = {isa = PBXBuildFile; fileRef = 4528375F295D92AA00ADCD9B /* Main.storyboard */; };
		45283763295D92AB00ADCD9B /* Assets.xcassets in Resources */ = {isa = PBXBuildFile; fileRef = 45283762295D92AB00ADCD9B /* Assets.xcassets */; };
		45283766295D92AB00ADCD9B /* LaunchScreen.storyboard in Resources */ = {isa = PBXBuildFile; fileRef = 45283764295D92AB00ADCD9B /* LaunchScreen.storyboard */; };
		459DF37A29633245004102D3 /* Diary.swift in Sources */ = {isa = PBXBuildFile; fileRef = 459DF37929633245004102D3 /* Diary.swift */; };
		45DA2491295D993E00AA2D8E /* DiaryCell.swift in Sources */ = {isa = PBXBuildFile; fileRef = 45DA2490295D993E00AA2D8E /* DiaryCell.swift */; };
		45DA2493295D9B1900AA2D8E /* StarViewController.swift in Sources */ = {isa = PBXBuildFile; fileRef = 45DA2492295D9B1900AA2D8E /* StarViewController.swift */; };
		45DA2495295D9C2A00AA2D8E /* StarCell.swift in Sources */ = {isa = PBXBuildFile; fileRef = 45DA2494295D9C2A00AA2D8E /* StarCell.swift */; };
		45DA2497295D9F0600AA2D8E /* WriteDiaryViewController.swift in Sources */ = {isa = PBXBuildFile; fileRef = 45DA2496295D9F0600AA2D8E /* WriteDiaryViewController.swift */; };
		45DA2499295DA35C00AA2D8E /* DiaryDetailViewController.swift in Sources */ = {isa = PBXBuildFile; fileRef = 45DA2498295DA35C00AA2D8E /* DiaryDetailViewController.swift */; };
/* End PBXBuildFile section */

/* Begin PBXFileReference section */
		45283756295D92AA00ADCD9B /* Diary.app */ = {isa = PBXFileReference; explicitFileType = wrapper.application; includeInIndex = 0; path = Diary.app; sourceTree = BUILT_PRODUCTS_DIR; };
		45283759295D92AA00ADCD9B /* AppDelegate.swift */ = {isa = PBXFileReference; lastKnownFileType = sourcecode.swift; path = AppDelegate.swift; sourceTree = "<group>"; };
		4528375B295D92AA00ADCD9B /* SceneDelegate.swift */ = {isa = PBXFileReference; lastKnownFileType = sourcecode.swift; path = SceneDelegate.swift; sourceTree = "<group>"; };
		4528375D295D92AA00ADCD9B /* ViewController.swift */ = {isa = PBXFileReference; lastKnownFileType = sourcecode.swift; path = ViewController.swift; sourceTree = "<group>"; };
		45283760295D92AA00ADCD9B /* Base */ = {isa = PBXFileReference; lastKnownFileType = file.storyboard; name = Base; path = Base.lproj/Main.storyboard; sourceTree = "<group>"; };
		45283762295D92AB00ADCD9B /* Assets.xcassets */ = {isa = PBXFileReference; lastKnownFileType = folder.assetcatalog; path = Assets.xcassets; sourceTree = "<group>"; };
		45283765295D92AB00ADCD9B /* Base */ = {isa = PBXFileReference; lastKnownFileType = file.storyboard; name = Base; path = Base.lproj/LaunchScreen.storyboard; sourceTree = "<group>"; };
		45283767295D92AB00ADCD9B /* Info.plist */ = {isa = PBXFileReference; lastKnownFileType = text.plist.xml; path = Info.plist; sourceTree = "<group>"; };
		459DF37929633245004102D3 /* Diary.swift */ = {isa = PBXFileReference; lastKnownFileType = sourcecode.swift; path = Diary.swift; sourceTree = "<group>"; };
		45DA2490295D993E00AA2D8E /* DiaryCell.swift */ = {isa = PBXFileReference; lastKnownFileType = sourcecode.swift; path = DiaryCell.swift; sourceTree = "<group>"; };
		45DA2492295D9B1900AA2D8E /* StarViewController.swift */ = {isa = PBXFileReference; lastKnownFileType = sourcecode.swift; path = StarViewController.swift; sourceTree = "<group>"; };
		45DA2494295D9C2A00AA2D8E /* StarCell.swift */ = {isa = PBXFileReference; lastKnownFileType = sourcecode.swift; path = StarCell.swift; sourceTree = "<group>"; };
		45DA2496295D9F0600AA2D8E /* WriteDiaryViewController.swift */ = {isa = PBXFileReference; lastKnownFileType = sourcecode.swift; name = WriteDiaryViewController.swift; path = Assets.xcassets/WriteDiaryViewController.swift; sourceTree = "<group>"; };
		45DA2498295DA35C00AA2D8E /* DiaryDetailViewController.swift */ = {isa = PBXFileReference; lastKnownFileType = sourcecode.swift; path = DiaryDetailViewController.swift; sourceTree = "<group>"; };
/* End PBXFileReference section */

/* Begin PBXFrameworksBuildPhase section */
		45283753295D92AA00ADCD9B /* Frameworks */ = {
			isa = PBXFrameworksBuildPhase;
			buildActionMask = 2147483647;
			files = (
			);
			runOnlyForDeploymentPostprocessing = 0;
		};
/* End PBXFrameworksBuildPhase section */

/* Begin PBXGroup section */
		4528374D295D92AA00ADCD9B = {
			isa = PBXGroup;
			children = (
				45283758295D92AA00ADCD9B /* Diary */,
				45283757295D92AA00ADCD9B /* Products */,
			);
			sourceTree = "<group>";
		};
		45283757295D92AA00ADCD9B /* Products */ = {
			isa = PBXGroup;
			children = (
				45283756295D92AA00ADCD9B /* Diary.app */,
			);
			name = Products;
			sourceTree = "<group>";
		};
		45283758295D92AA00ADCD9B /* Diary */ = {
			isa = PBXGroup;
			children = (
				45283759295D92AA00ADCD9B /* AppDelegate.swift */,
				4528375B295D92AA00ADCD9B /* SceneDelegate.swift */,
				4528375D295D92AA00ADCD9B /* ViewController.swift */,
				4528375F295D92AA00ADCD9B /* Main.storyboard */,
				45283762295D92AB00ADCD9B /* Assets.xcassets */,
				45283764295D92AB00ADCD9B /* LaunchScreen.storyboard */,
				45283767295D92AB00ADCD9B /* Info.plist */,
				45DA2490295D993E00AA2D8E /* DiaryCell.swift */,
				45DA2492295D9B1900AA2D8E /* StarViewController.swift */,
				45DA2494295D9C2A00AA2D8E /* StarCell.swift */,
				45DA2496295D9F0600AA2D8E /* WriteDiaryViewController.swift */,
				45DA2498295DA35C00AA2D8E /* DiaryDetailViewController.swift */,
				459DF37929633245004102D3 /* Diary.swift */,
			);
			path = Diary;
			sourceTree = "<group>";
		};
/* End PBXGroup section */

/* Begin PBXNativeTarget section */
		45283755295D92AA00ADCD9B /* Diary */ = {
			isa = PBXNativeTarget;
			buildConfigurationList = 4528376A295D92AB00ADCD9B /* Build configuration list for PBXNativeTarget "Diary" */;
			buildPhases = (
				45283752295D92AA00ADCD9B /* Sources */,
				45283753295D92AA00ADCD9B /* Frameworks */,
				45283754295D92AA00ADCD9B /* Resources */,
			);
			buildRules = (
			);
			dependencies = (
			);
			name = Diary;
			productName = Diary;
			productReference = 45283756295D92AA00ADCD9B /* Diary.app */;
			productType = "com.apple.product-type.application";
		};
/* End PBXNativeTarget section */

/* Begin PBXProject section */
		4528374E295D92AA00ADCD9B /* Project object */ = {
			isa = PBXProject;
			attributes = {
				BuildIndependentTargetsInParallel = 1;
				LastSwiftUpdateCheck = 1420;
				LastUpgradeCheck = 1420;
				TargetAttributes = {
					45283755295D92AA00ADCD9B = {
						CreatedOnToolsVersion = 14.2;
					};
				};
			};
			buildConfigurationList = 45283751295D92AA00ADCD9B /* Build configuration list for PBXProject "Diary" */;
			compatibilityVersion = "Xcode 14.0";
			developmentRegion = en;
			hasScannedForEncodings = 0;
			knownRegions = (
				en,
				Base,
			);
			mainGroup = 4528374D295D92AA00ADCD9B;
			productRefGroup = 45283757295D92AA00ADCD9B /* Products */;
			projectDirPath = "";
			projectRoot = "";
			targets = (
				45283755295D92AA00ADCD9B /* Diary */,
			);
		};
/* End PBXProject section */

/* Begin PBXResourcesBuildPhase section */
		45283754295D92AA00ADCD9B /* Resources */ = {
			isa = PBXResourcesBuildPhase;
			buildActionMask = 2147483647;
			files = (
				45283766295D92AB00ADCD9B /* LaunchScreen.storyboard in Resources */,
				45283763295D92AB00ADCD9B /* Assets.xcassets in Resources */,
				45283761295D92AA00ADCD9B /* Main.storyboard in Resources */,
			);
			runOnlyForDeploymentPostprocessing = 0;
		};
/* End PBXResourcesBuildPhase section */

/* Begin PBXSourcesBuildPhase section */
		45283752295D92AA00ADCD9B /* Sources */ = {
			isa = PBXSourcesBuildPhase;
			buildActionMask = 2147483647;
			files = (
				4528375E295D92AA00ADCD9B /* ViewController.swift in Sources */,
				45DA2497295D9F0600AA2D8E /* WriteDiaryViewController.swift in Sources */,
				45DA2495295D9C2A00AA2D8E /* StarCell.swift in Sources */,
				4528375A295D92AA00ADCD9B /* AppDelegate.swift in Sources */,
				4528375C295D92AA00ADCD9B /* SceneDelegate.swift in Sources */,
				459DF37A29633245004102D3 /* Diary.swift in Sources */,
				45DA2499295DA35C00AA2D8E /* DiaryDetailViewController.swift in Sources */,
				45DA2491295D993E00AA2D8E /* DiaryCell.swift in Sources */,
				45DA2493295D9B1900AA2D8E /* StarViewController.swift in Sources */,
			);
			runOnlyForDeploymentPostprocessing = 0;
		};
/* End PBXSourcesBuildPhase section */

/* Begin PBXVariantGroup section */
		4528375F295D92AA00ADCD9B /* Main.storyboard */ = {
			isa = PBXVariantGroup;
			children = (
				45283760295D92AA00ADCD9B /* Base */,
			);
			name = Main.storyboard;
			sourceTree = "<group>";
		};
		45283764295D92AB00ADCD9B /* LaunchScreen.storyboard */ = {
			isa = PBXVariantGroup;
			children = (
				45283765295D92AB00ADCD9B /* Base */,
			);
			name = LaunchScreen.storyboard;
			sourceTree = "<group>";
		};
/* End PBXVariantGroup section */

/* Begin XCBuildConfiguration section */
		45283768295D92AB00ADCD9B /* Debug */ = {
			isa = XCBuildConfiguration;
			buildSettings = {
				ALWAYS_SEARCH_USER_PATHS = NO;
				CLANG_ANALYZER_NONNULL = YES;
				CLANG_ANALYZER_NUMBER_OBJECT_CONVERSION = YES_AGGRESSIVE;
				CLANG_CXX_LANGUAGE_STANDARD = "gnu++20";
				CLANG_ENABLE_MODULES = YES;
				CLANG_ENABLE_OBJC_ARC = YES;
				CLANG_ENABLE_OBJC_WEAK = YES;
				CLANG_WARN_BLOCK_CAPTURE_AUTORELEASING = YES;
				CLANG_WARN_BOOL_CONVERSION = YES;
				CLANG_WARN_COMMA = YES;
				CLANG_WARN_CONSTANT_CONVERSION = YES;
				CLANG_WARN_DEPRECATED_OBJC_IMPLEMENTATIONS = YES;
				CLANG_WARN_DIRECT_OBJC_ISA_USAGE = YES_ERROR;
				CLANG_WARN_DOCUMENTATION_COMMENTS = YES;
				CLANG_WARN_EMPTY_BODY = YES;
				CLANG_WARN_ENUM_CONVERSION = YES;
				CLANG_WARN_INFINITE_RECURSION = YES;
				CLANG_WARN_INT_CONVERSION = YES;
				CLANG_WARN_NON_LITERAL_NULL_CONVERSION = YES;
				CLANG_WARN_OBJC_IMPLICIT_RETAIN_SELF = YES;
				CLANG_WARN_OBJC_LITERAL_CONVERSION = YES;
				CLANG_WARN_OBJC_ROOT_CLASS = YES_ERROR;
				CLANG_WARN_QUOTED_INCLUDE_IN_FRAMEWORK_HEADER = YES;
				CLANG_WARN_RANGE_LOOP_ANALYSIS = YES;
				CLANG_WARN_STRICT_PROTOTYPES = YES;
				CLANG_WARN_SUSPICIOUS_MOVE = YES;
				CLANG_WARN_UNGUARDED_AVAILABILITY = YES_AGGRESSIVE;
				CLANG_WARN_UNREACHABLE_CODE = YES;
				CLANG_WARN__DUPLICATE_METHOD_MATCH = YES;
				COPY_PHASE_STRIP = NO;
				DEBUG_INFORMATION_FORMAT = dwarf;
				ENABLE_STRICT_OBJC_MSGSEND = YES;
				ENABLE_TESTABILITY = YES;
				GCC_C_LANGUAGE_STANDARD = gnu11;
				GCC_DYNAMIC_NO_PIC = NO;
				GCC_NO_COMMON_BLOCKS = YES;
				GCC_OPTIMIZATION_LEVEL = 0;
				GCC_PREPROCESSOR_DEFINITIONS = (
					"DEBUG=1",
					"$(inherited)",
				);
				GCC_WARN_64_TO_32_BIT_CONVERSION = YES;
				GCC_WARN_ABOUT_RETURN_TYPE = YES_ERROR;
				GCC_WARN_UNDECLARED_SELECTOR = YES;
				GCC_WARN_UNINITIALIZED_AUTOS = YES_AGGRESSIVE;
				GCC_WARN_UNUSED_FUNCTION = YES;
				GCC_WARN_UNUSED_VARIABLE = YES;
				IPHONEOS_DEPLOYMENT_TARGET = 16.2;
				MTL_ENABLE_DEBUG_INFO = INCLUDE_SOURCE;
				MTL_FAST_MATH = YES;
				ONLY_ACTIVE_ARCH = YES;
				SDKROOT = iphoneos;
				SWIFT_ACTIVE_COMPILATION_CONDITIONS = DEBUG;
				SWIFT_OPTIMIZATION_LEVEL = "-Onone";
			};
			name = Debug;
		};
		45283769295D92AB00ADCD9B /* Release */ = {
			isa = XCBuildConfiguration;
			buildSettings = {
				ALWAYS_SEARCH_USER_PATHS = NO;
				CLANG_ANALYZER_NONNULL = YES;
				CLANG_ANALYZER_NUMBER_OBJECT_CONVERSION = YES_AGGRESSIVE;
				CLANG_CXX_LANGUAGE_STANDARD = "gnu++20";
				CLANG_ENABLE_MODULES = YES;
				CLANG_ENABLE_OBJC_ARC = YES;
				CLANG_ENABLE_OBJC_WEAK = YES;
				CLANG_WARN_BLOCK_CAPTURE_AUTORELEASING = YES;
				CLANG_WARN_BOOL_CONVERSION = YES;
				CLANG_WARN_COMMA = YES;
				CLANG_WARN_CONSTANT_CONVERSION = YES;
				CLANG_WARN_DEPRECATED_OBJC_IMPLEMENTATIONS = YES;
				CLANG_WARN_DIRECT_OBJC_ISA_USAGE = YES_ERROR;
				CLANG_WARN_DOCUMENTATION_COMMENTS = YES;
				CLANG_WARN_EMPTY_BODY = YES;
				CLANG_WARN_ENUM_CONVERSION = YES;
				CLANG_WARN_INFINITE_RECURSION = YES;
				CLANG_WARN_INT_CONVERSION = YES;
				CLANG_WARN_NON_LITERAL_NULL_CONVERSION = YES;
				CLANG_WARN_OBJC_IMPLICIT_RETAIN_SELF = YES;
				CLANG_WARN_OBJC_LITERAL_CONVERSION = YES;
				CLANG_WARN_OBJC_ROOT_CLASS = YES_ERROR;
				CLANG_WARN_QUOTED_INCLUDE_IN_FRAMEWORK_HEADER = YES;
				CLANG_WARN_RANGE_LOOP_ANALYSIS = YES;
				CLANG_WARN_STRICT_PROTOTYPES = YES;
				CLANG_WARN_SUSPICIOUS_MOVE = YES;
				CLANG_WARN_UNGUARDED_AVAILABILITY = YES_AGGRESSIVE;
				CLANG_WARN_UNREACHABLE_CODE = YES;
				CLANG_WARN__DUPLICATE_METHOD_MATCH = YES;
				COPY_PHASE_STRIP = NO;
				DEBUG_INFORMATION_FORMAT = "dwarf-with-dsym";
				ENABLE_NS_ASSERTIONS = NO;
				ENABLE_STRICT_OBJC_MSGSEND = YES;
				GCC_C_LANGUAGE_STANDARD = gnu11;
				GCC_NO_COMMON_BLOCKS = YES;
				GCC_WARN_64_TO_32_BIT_CONVERSION = YES;
				GCC_WARN_ABOUT_RETURN_TYPE = YES_ERROR;
				GCC_WARN_UNDECLARED_SELECTOR = YES;
				GCC_WARN_UNINITIALIZED_AUTOS = YES_AGGRESSIVE;
				GCC_WARN_UNUSED_FUNCTION = YES;
				GCC_WARN_UNUSED_VARIABLE = YES;
				IPHONEOS_DEPLOYMENT_TARGET = 16.2;
				MTL_ENABLE_DEBUG_INFO = NO;
				MTL_FAST_MATH = YES;
				SDKROOT = iphoneos;
				SWIFT_COMPILATION_MODE = wholemodule;
				SWIFT_OPTIMIZATION_LEVEL = "-O";
				VALIDATE_PRODUCT = YES;
			};
			name = Release;
		};
		4528376B295D92AB00ADCD9B /* Debug */ = {
			isa = XCBuildConfiguration;
			buildSettings = {
				ASSETCATALOG_COMPILER_APPICON_NAME = AppIcon;
				ASSETCATALOG_COMPILER_GLOBAL_ACCENT_COLOR_NAME = AccentColor;
				CODE_SIGN_STYLE = Automatic;
				CURRENT_PROJECT_VERSION = 1;
				DEVELOPMENT_TEAM = Z7N7P8UZS9;
				GENERATE_INFOPLIST_FILE = YES;
				INFOPLIST_FILE = Diary/Info.plist;
				INFOPLIST_KEY_UIApplicationSupportsIndirectInputEvents = YES;
				INFOPLIST_KEY_UILaunchStoryboardName = LaunchScreen;
				INFOPLIST_KEY_UIMainStoryboardFile = Main;
				INFOPLIST_KEY_UISupportedInterfaceOrientations_iPad = "UIInterfaceOrientationPortrait UIInterfaceOrientationPortraitUpsideDown UIInterfaceOrientationLandscapeLeft UIInterfaceOrientationLandscapeRight";
				INFOPLIST_KEY_UISupportedInterfaceOrientations_iPhone = "UIInterfaceOrientationPortrait UIInterfaceOrientationLandscapeLeft UIInterfaceOrientationLandscapeRight";
				LD_RUNPATH_SEARCH_PATHS = (
					"$(inherited)",
					"@executable_path/Frameworks",
				);
				MARKETING_VERSION = 1.0;
				PRODUCT_BUNDLE_IDENTIFIER = a.Diary;
				PRODUCT_NAME = "$(TARGET_NAME)";
				SWIFT_EMIT_LOC_STRINGS = YES;
				SWIFT_VERSION = 5.0;
				TARGETED_DEVICE_FAMILY = "1,2";
			};
			name = Debug;
		};
		4528376C295D92AB00ADCD9B /* Release */ = {
			isa = XCBuildConfiguration;
			buildSettings = {
				ASSETCATALOG_COMPILER_APPICON_NAME = AppIcon;
				ASSETCATALOG_COMPILER_GLOBAL_ACCENT_COLOR_NAME = AccentColor;
				CODE_SIGN_STYLE = Automatic;
				CURRENT_PROJECT_VERSION = 1;
				DEVELOPMENT_TEAM = Z7N7P8UZS9;
				GENERATE_INFOPLIST_FILE = YES;
				INFOPLIST_FILE = Diary/Info.plist;
				INFOPLIST_KEY_UIApplicationSupportsIndirectInputEvents = YES;
				INFOPLIST_KEY_UILaunchStoryboardName = LaunchScreen;
				INFOPLIST_KEY_UIMainStoryboardFile = Main;
				INFOPLIST_KEY_UISupportedInterfaceOrientations_iPad = "UIInterfaceOrientationPortrait UIInterfaceOrientationPortraitUpsideDown UIInterfaceOrientationLandscapeLeft UIInterfaceOrientationLandscapeRight";
				INFOPLIST_KEY_UISupportedInterfaceOrientations_iPhone = "UIInterfaceOrientationPortrait UIInterfaceOrientationLandscapeLeft UIInterfaceOrientationLandscapeRight";
				LD_RUNPATH_SEARCH_PATHS = (
					"$(inherited)",
					"@executable_path/Frameworks",
				);
				MARKETING_VERSION = 1.0;
				PRODUCT_BUNDLE_IDENTIFIER = a.Diary;
				PRODUCT_NAME = "$(TARGET_NAME)";
				SWIFT_EMIT_LOC_STRINGS = YES;
				SWIFT_VERSION = 5.0;
				TARGETED_DEVICE_FAMILY = "1,2";
			};
			name = Release;
		};
/* End XCBuildConfiguration section */

/* Begin XCConfigurationList section */
		45283751295D92AA00ADCD9B /* Build configuration list for PBXProject "Diary" */ = {
			isa = XCConfigurationList;
			buildConfigurations = (
				45283768295D92AB00ADCD9B /* Debug */,
				45283769295D92AB00ADCD9B /* Release */,
			);
			defaultConfigurationIsVisible = 0;
			defaultConfigurationName = Release;
		};
		4528376A295D92AB00ADCD9B /* Build configuration list for PBXNativeTarget "Diary" */ = {
			isa = XCConfigurationList;
			buildConfigurations = (
				4528376B295D92AB00ADCD9B /* Debug */,
				4528376C295D92AB00ADCD9B /* Release */,
			);
			defaultConfigurationIsVisible = 0;
			defaultConfigurationName = Release;
		};
/* End XCConfigurationList section */
	};
	rootObject = 4528374E295D92AA00ADCD9B /* Project object */;
}
